// !$*UTF8*$!
{
	archiveVersion = 1;
	classes = {
	};
	objectVersion = 55;
	objects = {

/* Begin PBXBuildFile section */
		891ECA992812B79E0092DD7F /* AppDelegate.swift in Sources */ = {isa = PBXBuildFile; fileRef = 891ECA982812B79E0092DD7F /* AppDelegate.swift */; };
		891ECA9B2812B79E0092DD7F /* SceneDelegate.swift in Sources */ = {isa = PBXBuildFile; fileRef = 891ECA9A2812B79E0092DD7F /* SceneDelegate.swift */; };
		891ECA9D2812B79E0092DD7F /* LogInViewController.swift in Sources */ = {isa = PBXBuildFile; fileRef = 891ECA9C2812B79E0092DD7F /* LogInViewController.swift */; };
		891ECAA02812B79E0092DD7F /* Main.storyboard in Resources */ = {isa = PBXBuildFile; fileRef = 891ECA9E2812B79E0092DD7F /* Main.storyboard */; };
		891ECAA22812B7A00092DD7F /* Assets.xcassets in Resources */ = {isa = PBXBuildFile; fileRef = 891ECAA12812B7A00092DD7F /* Assets.xcassets */; };
		891ECAA52812B7A00092DD7F /* LaunchScreen.storyboard in Resources */ = {isa = PBXBuildFile; fileRef = 891ECAA32812B7A00092DD7F /* LaunchScreen.storyboard */; };
		899067702816DEC400A17702 /* Users.swift in Sources */ = {isa = PBXBuildFile; fileRef = 8990676F2816DEC400A17702 /* Users.swift */; };
		8991F28B2816E904009EF0DE /* ProfileViewController.swift in Sources */ = {isa = PBXBuildFile; fileRef = 8991F28A2816E904009EF0DE /* ProfileViewController.swift */; };
		8991F28D2816E911009EF0DE /* InfoViewController.swift in Sources */ = {isa = PBXBuildFile; fileRef = 8991F28C2816E911009EF0DE /* InfoViewController.swift */; };
/* End PBXBuildFile section */

/* Begin PBXFileReference section */
		891ECA952812B79E0092DD7F /* RegistrationNewUsers.app */ = {isa = PBXFileReference; explicitFileType = wrapper.application; includeInIndex = 0; path = RegistrationNewUsers.app; sourceTree = BUILT_PRODUCTS_DIR; };
		891ECA982812B79E0092DD7F /* AppDelegate.swift */ = {isa = PBXFileReference; lastKnownFileType = sourcecode.swift; path = AppDelegate.swift; sourceTree = "<group>"; };
		891ECA9A2812B79E0092DD7F /* SceneDelegate.swift */ = {isa = PBXFileReference; lastKnownFileType = sourcecode.swift; path = SceneDelegate.swift; sourceTree = "<group>"; };
		891ECA9C2812B79E0092DD7F /* LogInViewController.swift */ = {isa = PBXFileReference; lastKnownFileType = sourcecode.swift; path = LogInViewController.swift; sourceTree = "<group>"; };
		891ECA9F2812B79E0092DD7F /* Base */ = {isa = PBXFileReference; lastKnownFileType = file.storyboard; name = Base; path = Base.lproj/Main.storyboard; sourceTree = "<group>"; };
		891ECAA12812B7A00092DD7F /* Assets.xcassets */ = {isa = PBXFileReference; lastKnownFileType = folder.assetcatalog; path = Assets.xcassets; sourceTree = "<group>"; };
		891ECAA42812B7A00092DD7F /* Base */ = {isa = PBXFileReference; lastKnownFileType = file.storyboard; name = Base; path = Base.lproj/LaunchScreen.storyboard; sourceTree = "<group>"; };
		891ECAA62812B7A00092DD7F /* Info.plist */ = {isa = PBXFileReference; lastKnownFileType = text.plist.xml; path = Info.plist; sourceTree = "<group>"; };
		8990676F2816DEC400A17702 /* Users.swift */ = {isa = PBXFileReference; lastKnownFileType = sourcecode.swift; path = Users.swift; sourceTree = "<group>"; };
		8991F28A2816E904009EF0DE /* ProfileViewController.swift */ = {isa = PBXFileReference; lastKnownFileType = sourcecode.swift; path = ProfileViewController.swift; sourceTree = "<group>"; };
		8991F28C2816E911009EF0DE /* InfoViewController.swift */ = {isa = PBXFileReference; lastKnownFileType = sourcecode.swift; path = InfoViewController.swift; sourceTree = "<group>"; };
/* End PBXFileReference section */

/* Begin PBXFrameworksBuildPhase section */
		891ECA922812B79E0092DD7F /* Frameworks */ = {
			isa = PBXFrameworksBuildPhase;
			buildActionMask = 2147483647;
			files = (
			);
			runOnlyForDeploymentPostprocessing = 0;
		};
/* End PBXFrameworksBuildPhase section */

/* Begin PBXGroup section */
		891ECA8C2812B79E0092DD7F = {
			isa = PBXGroup;
			children = (
				891ECA972812B79E0092DD7F /* RegistrationNewUsers */,
				891ECA962812B79E0092DD7F /* Products */,
			);
			sourceTree = "<group>";
		};
		891ECA962812B79E0092DD7F /* Products */ = {
			isa = PBXGroup;
			children = (
				891ECA952812B79E0092DD7F /* RegistrationNewUsers.app */,
			);
			name = Products;
			sourceTree = "<group>";
		};
		891ECA972812B79E0092DD7F /* RegistrationNewUsers */ = {
			isa = PBXGroup;
			children = (
				8990676A2816DE3200A17702 /* ViewControllers */,
				8990676E2816DE9100A17702 /* Models */,
				8990676B2816DE4500A17702 /* Storyboards */,
				8990676D2816DE5F00A17702 /* App */,
				8990676C2816DE5300A17702 /* Resources */,
			);
			path = RegistrationNewUsers;
			sourceTree = "<group>";
		};
		8990676A2816DE3200A17702 /* ViewControllers */ = {
			isa = PBXGroup;
			children = (
				891ECA9C2812B79E0092DD7F /* LogInViewController.swift */,
				8991F28A2816E904009EF0DE /* ProfileViewController.swift */,
				8991F28C2816E911009EF0DE /* InfoViewController.swift */,
			);
			path = ViewControllers;
			sourceTree = "<group>";
		};
		8990676B2816DE4500A17702 /* Storyboards */ = {
			isa = PBXGroup;
			children = (
				891ECA9E2812B79E0092DD7F /* Main.storyboard */,
				891ECAA32812B7A00092DD7F /* LaunchScreen.storyboard */,
			);
			path = Storyboards;
			sourceTree = "<group>";
		};
		8990676C2816DE5300A17702 /* Resources */ = {
			isa = PBXGroup;
			children = (
				891ECAA12812B7A00092DD7F /* Assets.xcassets */,
			);
			path = Resources;
			sourceTree = "<group>";
		};
		8990676D2816DE5F00A17702 /* App */ = {
			isa = PBXGroup;
			children = (
				891ECA982812B79E0092DD7F /* AppDelegate.swift */,
				891ECA9A2812B79E0092DD7F /* SceneDelegate.swift */,
				891ECAA62812B7A00092DD7F /* Info.plist */,
			);
			path = App;
			sourceTree = "<group>";
		};
		8990676E2816DE9100A17702 /* Models */ = {
			isa = PBXGroup;
			children = (
				8990676F2816DEC400A17702 /* Users.swift */,
			);
			path = Models;
			sourceTree = "<group>";
		};
/* End PBXGroup section */

/* Begin PBXNativeTarget section */
		891ECA942812B79E0092DD7F /* RegistrationNewUsers */ = {
			isa = PBXNativeTarget;
			buildConfigurationList = 891ECAA92812B7A00092DD7F /* Build configuration list for PBXNativeTarget "RegistrationNewUsers" */;
			buildPhases = (
				891ECA912812B79E0092DD7F /* Sources */,
				891ECA922812B79E0092DD7F /* Frameworks */,
				891ECA932812B79E0092DD7F /* Resources */,
			);
			buildRules = (
			);
			dependencies = (
			);
			name = RegistrationNewUsers;
			productName = RegistrationNewUsers;
			productReference = 891ECA952812B79E0092DD7F /* RegistrationNewUsers.app */;
			productType = "com.apple.product-type.application";
		};
/* End PBXNativeTarget section */

/* Begin PBXProject section */
		891ECA8D2812B79E0092DD7F /* Project object */ = {
			isa = PBXProject;
			attributes = {
				BuildIndependentTargetsInParallel = 1;
				LastSwiftUpdateCheck = 1330;
				LastUpgradeCheck = 1330;
				TargetAttributes = {
					891ECA942812B79E0092DD7F = {
						CreatedOnToolsVersion = 13.3.1;
					};
				};
			};
			buildConfigurationList = 891ECA902812B79E0092DD7F /* Build configuration list for PBXProject "RegistrationNewUsers" */;
			compatibilityVersion = "Xcode 13.0";
			developmentRegion = en;
			hasScannedForEncodings = 0;
			knownRegions = (
				en,
				Base,
			);
			mainGroup = 891ECA8C2812B79E0092DD7F;
			productRefGroup = 891ECA962812B79E0092DD7F /* Products */;
			projectDirPath = "";
			projectRoot = "";
			targets = (
				891ECA942812B79E0092DD7F /* RegistrationNewUsers */,
			);
		};
/* End PBXProject section */

/* Begin PBXResourcesBuildPhase section */
		891ECA932812B79E0092DD7F /* Resources */ = {
			isa = PBXResourcesBuildPhase;
			buildActionMask = 2147483647;
			files = (
				891ECAA52812B7A00092DD7F /* LaunchScreen.storyboard in Resources */,
				891ECAA22812B7A00092DD7F /* Assets.xcassets in Resources */,
				891ECAA02812B79E0092DD7F /* Main.storyboard in Resources */,
			);
			runOnlyForDeploymentPostprocessing = 0;
		};
/* End PBXResourcesBuildPhase section */

/* Begin PBXSourcesBuildPhase section */
		891ECA912812B79E0092DD7F /* Sources */ = {
			isa = PBXSourcesBuildPhase;
			buildActionMask = 2147483647;
			files = (
				8991F28B2816E904009EF0DE /* ProfileViewController.swift in Sources */,
				891ECA9D2812B79E0092DD7F /* LogInViewController.swift in Sources */,
				891ECA992812B79E0092DD7F /* AppDelegate.swift in Sources */,
				8991F28D2816E911009EF0DE /* InfoViewController.swift in Sources */,
				899067702816DEC400A17702 /* Users.swift in Sources */,
				891ECA9B2812B79E0092DD7F /* SceneDelegate.swift in Sources */,
			);
			runOnlyForDeploymentPostprocessing = 0;
		};
/* End PBXSourcesBuildPhase section */

/* Begin PBXVariantGroup section */
		891ECA9E2812B79E0092DD7F /* Main.storyboard */ = {
			isa = PBXVariantGroup;
			children = (
				891ECA9F2812B79E0092DD7F /* Base */,
			);
			name = Main.storyboard;
			sourceTree = "<group>";
		};
		891ECAA32812B7A00092DD7F /* LaunchScreen.storyboard */ = {
			isa = PBXVariantGroup;
			children = (
				891ECAA42812B7A00092DD7F /* Base */,
			);
			name = LaunchScreen.storyboard;
			sourceTree = "<group>";
		};
/* End PBXVariantGroup section */

/* Begin XCBuildConfiguration section */
		891ECAA72812B7A00092DD7F /* Debug */ = {
			isa = XCBuildConfiguration;
			buildSettings = {
				ALWAYS_SEARCH_USER_PATHS = NO;
				CLANG_ANALYZER_NONNULL = YES;
				CLANG_ANALYZER_NUMBER_OBJECT_CONVERSION = YES_AGGRESSIVE;
				CLANG_CXX_LANGUAGE_STANDARD = "gnu++17";
				CLANG_ENABLE_MODULES = YES;
				CLANG_ENABLE_OBJC_ARC = YES;
				CLANG_ENABLE_OBJC_WEAK = YES;
				CLANG_WARN_BLOCK_CAPTURE_AUTORELEASING = YES;
				CLANG_WARN_BOOL_CONVERSION = YES;
				CLANG_WARN_COMMA = YES;
				CLANG_WARN_CONSTANT_CONVERSION = YES;
				CLANG_WARN_DEPRECATED_OBJC_IMPLEMENTATIONS = YES;
				CLANG_WARN_DIRECT_OBJC_ISA_USAGE = YES_ERROR;
				CLANG_WARN_DOCUMENTATION_COMMENTS = YES;
				CLANG_WARN_EMPTY_BODY = YES;
				CLANG_WARN_ENUM_CONVERSION = YES;
				CLANG_WARN_INFINITE_RECURSION = YES;
				CLANG_WARN_INT_CONVERSION = YES;
				CLANG_WARN_NON_LITERAL_NULL_CONVERSION = YES;
				CLANG_WARN_OBJC_IMPLICIT_RETAIN_SELF = YES;
				CLANG_WARN_OBJC_LITERAL_CONVERSION = YES;
				CLANG_WARN_OBJC_ROOT_CLASS = YES_ERROR;
				CLANG_WARN_QUOTED_INCLUDE_IN_FRAMEWORK_HEADER = YES;
				CLANG_WARN_RANGE_LOOP_ANALYSIS = YES;
				CLANG_WARN_STRICT_PROTOTYPES = YES;
				CLANG_WARN_SUSPICIOUS_MOVE = YES;
				CLANG_WARN_UNGUARDED_AVAILABILITY = YES_AGGRESSIVE;
				CLANG_WARN_UNREACHABLE_CODE = YES;
				CLANG_WARN__DUPLICATE_METHOD_MATCH = YES;
				COPY_PHASE_STRIP = NO;
				DEBUG_INFORMATION_FORMAT = dwarf;
				ENABLE_STRICT_OBJC_MSGSEND = YES;
				ENABLE_TESTABILITY = YES;
				GCC_C_LANGUAGE_STANDARD = gnu11;
				GCC_DYNAMIC_NO_PIC = NO;
				GCC_NO_COMMON_BLOCKS = YES;
				GCC_OPTIMIZATION_LEVEL = 0;
				GCC_PREPROCESSOR_DEFINITIONS = (
					"DEBUG=1",
					"$(inherited)",
				);
				GCC_WARN_64_TO_32_BIT_CONVERSION = YES;
				GCC_WARN_ABOUT_RETURN_TYPE = YES_ERROR;
				GCC_WARN_UNDECLARED_SELECTOR = YES;
				GCC_WARN_UNINITIALIZED_AUTOS = YES_AGGRESSIVE;
				GCC_WARN_UNUSED_FUNCTION = YES;
				GCC_WARN_UNUSED_VARIABLE = YES;
				IPHONEOS_DEPLOYMENT_TARGET = 15.4;
				MTL_ENABLE_DEBUG_INFO = INCLUDE_SOURCE;
				MTL_FAST_MATH = YES;
				ONLY_ACTIVE_ARCH = YES;
				SDKROOT = iphoneos;
				SWIFT_ACTIVE_COMPILATION_CONDITIONS = DEBUG;
				SWIFT_OPTIMIZATION_LEVEL = "-Onone";
			};
			name = Debug;
		};
		891ECAA82812B7A00092DD7F /* Release */ = {
			isa = XCBuildConfiguration;
			buildSettings = {
				ALWAYS_SEARCH_USER_PATHS = NO;
				CLANG_ANALYZER_NONNULL = YES;
				CLANG_ANALYZER_NUMBER_OBJECT_CONVERSION = YES_AGGRESSIVE;
				CLANG_CXX_LANGUAGE_STANDARD = "gnu++17";
				CLANG_ENABLE_MODULES = YES;
				CLANG_ENABLE_OBJC_ARC = YES;
				CLANG_ENABLE_OBJC_WEAK = YES;
				CLANG_WARN_BLOCK_CAPTURE_AUTORELEASING = YES;
				CLANG_WARN_BOOL_CONVERSION = YES;
				CLANG_WARN_COMMA = YES;
				CLANG_WARN_CONSTANT_CONVERSION = YES;
				CLANG_WARN_DEPRECATED_OBJC_IMPLEMENTATIONS = YES;
				CLANG_WARN_DIRECT_OBJC_ISA_USAGE = YES_ERROR;
				CLANG_WARN_DOCUMENTATION_COMMENTS = YES;
				CLANG_WARN_EMPTY_BODY = YES;
				CLANG_WARN_ENUM_CONVERSION = YES;
				CLANG_WARN_INFINITE_RECURSION = YES;
				CLANG_WARN_INT_CONVERSION = YES;
				CLANG_WARN_NON_LITERAL_NULL_CONVERSION = YES;
				CLANG_WARN_OBJC_IMPLICIT_RETAIN_SELF = YES;
				CLANG_WARN_OBJC_LITERAL_CONVERSION = YES;
				CLANG_WARN_OBJC_ROOT_CLASS = YES_ERROR;
				CLANG_WARN_QUOTED_INCLUDE_IN_FRAMEWORK_HEADER = YES;
				CLANG_WARN_RANGE_LOOP_ANALYSIS = YES;
				CLANG_WARN_STRICT_PROTOTYPES = YES;
				CLANG_WARN_SUSPICIOUS_MOVE = YES;
				CLANG_WARN_UNGUARDED_AVAILABILITY = YES_AGGRESSIVE;
				CLANG_WARN_UNREACHABLE_CODE = YES;
				CLANG_WARN__DUPLICATE_METHOD_MATCH = YES;
				COPY_PHASE_STRIP = NO;
				DEBUG_INFORMATION_FORMAT = "dwarf-with-dsym";
				ENABLE_NS_ASSERTIONS = NO;
				ENABLE_STRICT_OBJC_MSGSEND = YES;
				GCC_C_LANGUAGE_STANDARD = gnu11;
				GCC_NO_COMMON_BLOCKS = YES;
				GCC_WARN_64_TO_32_BIT_CONVERSION = YES;
				GCC_WARN_ABOUT_RETURN_TYPE = YES_ERROR;
				GCC_WARN_UNDECLARED_SELECTOR = YES;
				GCC_WARN_UNINITIALIZED_AUTOS = YES_AGGRESSIVE;
				GCC_WARN_UNUSED_FUNCTION = YES;
				GCC_WARN_UNUSED_VARIABLE = YES;
				IPHONEOS_DEPLOYMENT_TARGET = 15.4;
				MTL_ENABLE_DEBUG_INFO = NO;
				MTL_FAST_MATH = YES;
				SDKROOT = iphoneos;
				SWIFT_COMPILATION_MODE = wholemodule;
				SWIFT_OPTIMIZATION_LEVEL = "-O";
				VALIDATE_PRODUCT = YES;
			};
			name = Release;
		};
		891ECAAA2812B7A00092DD7F /* Debug */ = {
			isa = XCBuildConfiguration;
			buildSettings = {
				ASSETCATALOG_COMPILER_APPICON_NAME = AppIcon;
				ASSETCATALOG_COMPILER_GLOBAL_ACCENT_COLOR_NAME = AccentColor;
				CODE_SIGN_STYLE = Automatic;
				CURRENT_PROJECT_VERSION = 1;
				DEVELOPMENT_TEAM = Q82X97DSZ5;
				GENERATE_INFOPLIST_FILE = YES;
				INFOPLIST_FILE = RegistrationNewUsers/App/Info.plist;
				INFOPLIST_KEY_UIApplicationSupportsIndirectInputEvents = YES;
				INFOPLIST_KEY_UILaunchStoryboardName = LaunchScreen;
				INFOPLIST_KEY_UIMainStoryboardFile = Main;
				INFOPLIST_KEY_UISupportedInterfaceOrientations_iPad = "UIInterfaceOrientationPortrait UIInterfaceOrientationPortraitUpsideDown UIInterfaceOrientationLandscapeLeft UIInterfaceOrientationLandscapeRight";
				INFOPLIST_KEY_UISupportedInterfaceOrientations_iPhone = "UIInterfaceOrientationPortrait UIInterfaceOrientationLandscapeLeft UIInterfaceOrientationLandscapeRight";
				LD_RUNPATH_SEARCH_PATHS = (
					"$(inherited)",
					"@executable_path/Frameworks",
				);
				MARKETING_VERSION = 1.0;
				PRODUCT_BUNDLE_IDENTIFIER = com.MyProject.RegistrationNewUsers;
				PRODUCT_NAME = "$(TARGET_NAME)";
				SWIFT_EMIT_LOC_STRINGS = YES;
				SWIFT_VERSION = 5.0;
				TARGETED_DEVICE_FAMILY = "1,2";
			};
			name = Debug;
		};
		891ECAAB2812B7A00092DD7F /* Release */ = {
			isa = XCBuildConfiguration;
			buildSettings = {
				ASSETCATALOG_COMPILER_APPICON_NAME = AppIcon;
				ASSETCATALOG_COMPILER_GLOBAL_ACCENT_COLOR_NAME = AccentColor;
				CODE_SIGN_STYLE = Automatic;
				CURRENT_PROJECT_VERSION = 1;
				DEVELOPMENT_TEAM = Q82X97DSZ5;
				GENERATE_INFOPLIST_FILE = YES;
				INFOPLIST_FILE = RegistrationNewUsers/App/Info.plist;
				INFOPLIST_KEY_UIApplicationSupportsIndirectInputEvents = YES;
				INFOPLIST_KEY_UILaunchStoryboardName = LaunchScreen;
				INFOPLIST_KEY_UIMainStoryboardFile = Main;
				INFOPLIST_KEY_UISupportedInterfaceOrientations_iPad = "UIInterfaceOrientationPortrait UIInterfaceOrientationPortraitUpsideDown UIInterfaceOrientationLandscapeLeft UIInterfaceOrientationLandscapeRight";
				INFOPLIST_KEY_UISupportedInterfaceOrientations_iPhone = "UIInterfaceOrientationPortrait UIInterfaceOrientationLandscapeLeft UIInterfaceOrientationLandscapeRight";
				LD_RUNPATH_SEARCH_PATHS = (
					"$(inherited)",
					"@executable_path/Frameworks",
				);
				MARKETING_VERSION = 1.0;
				PRODUCT_BUNDLE_IDENTIFIER = com.MyProject.RegistrationNewUsers;
				PRODUCT_NAME = "$(TARGET_NAME)";
				SWIFT_EMIT_LOC_STRINGS = YES;
				SWIFT_VERSION = 5.0;
				TARGETED_DEVICE_FAMILY = "1,2";
			};
			name = Release;
		};
/* End XCBuildConfiguration section */

/* Begin XCConfigurationList section */
		891ECA902812B79E0092DD7F /* Build configuration list for PBXProject "RegistrationNewUsers" */ = {
			isa = XCConfigurationList;
			buildConfigurations = (
				891ECAA72812B7A00092DD7F /* Debug */,
				891ECAA82812B7A00092DD7F /* Release */,
			);
			defaultConfigurationIsVisible = 0;
			defaultConfigurationName = Release;
		};
		891ECAA92812B7A00092DD7F /* Build configuration list for PBXNativeTarget "RegistrationNewUsers" */ = {
			isa = XCConfigurationList;
			buildConfigurations = (
				891ECAAA2812B7A00092DD7F /* Debug */,
				891ECAAB2812B7A00092DD7F /* Release */,
			);
			defaultConfigurationIsVisible = 0;
			defaultConfigurationName = Release;
		};
/* End XCConfigurationList section */
	};
	rootObject = 891ECA8D2812B79E0092DD7F /* Project object */;
}
